
Microsoft Visual Studio Solution File, Format Version 12.00
# Visual Studio Version 17
VisualStudioVersion = 17.2.32526.322
MinimumVisualStudioVersion = 10.0.40219.1
Project("{2150E333-8FDC-42A3-9474-1A3956D46DE8}") = "Solution Items", "Solution Items", "{FEC7496E-F71D-4188-BE65-636AAE781648}"
	ProjectSection(SolutionItems) = preProject
		.gitignore = .gitignore
		Directory.Build.Props = Directory.Build.Props
	EndProjectSection
EndProject
Project("{9A19103F-16F7-4668-BE54-9A1E7A4F7556}") = "CalmDown", "CalmDown\CalmDown.csproj", "{0A44DDA1-8639-438F-A17F-05BA33DF17B9}"
EndProject
Project("{9A19103F-16F7-4668-BE54-9A1E7A4F7556}") = "VRDesktopModLoadSeparator", "ModLoadSeparator\VRDesktopModLoadSeparator.csproj", "{7AC12019-230D-4135-9EBD-9D1C4BF20722}"
EndProject
Global
	GlobalSection(SolutionConfigurationPlatforms) = preSolution
		Debug|Any CPU = Debug|Any CPU
		Release|Any CPU = Release|Any CPU
	EndGlobalSection
	GlobalSection(ProjectConfigurationPlatforms) = postSolution
		{0A44DDA1-8639-438F-A17F-05BA33DF17B9}.Debug|Any CPU.ActiveCfg = Debug|Any CPU
		{0A44DDA1-8639-438F-A17F-05BA33DF17B9}.Debug|Any CPU.Build.0 = Debug|Any CPU
		{0A44DDA1-8639-438F-A17F-05BA33DF17B9}.Release|Any CPU.ActiveCfg = Release|Any CPU
		{0A44DDA1-8639-438F-A17F-05BA33DF17B9}.Release|Any CPU.Build.0 = Release|Any CPU
		{7AC12019-230D-4135-9EBD-9D1C4BF20722}.Debug|Any CPU.ActiveCfg = Debug|Any CPU
		{7AC12019-230D-4135-9EBD-9D1C4BF20722}.Debug|Any CPU.Build.0 = Debug|Any CPU
		{7AC12019-230D-4135-9EBD-9D1C4BF20722}.Release|Any CPU.ActiveCfg = Release|Any CPU
		{7AC12019-230D-4135-9EBD-9D1C4BF20722}.Release|Any CPU.Build.0 = Release|Any CPU
	EndGlobalSection
	GlobalSection(SolutionProperties) = preSolution
		HideSolutionNode = FALSE
	EndGlobalSection
	GlobalSection(ExtensibilityGlobals) = postSolution
		SolutionGuid = {4B72B8E9-5BFF-459B-B1EB-A34DCFAC6805}
	EndGlobalSection
EndGlobal
